
Microsoft Visual Studio Solution File, Format Version 12.00
# Visual Studio Version 17
VisualStudioVersion = 17.5.002.0
MinimumVisualStudioVersion = 10.0.40219.1
Project("{9A19103F-16F7-4668-BE54-9A1E7A4F7556}") = "Northwind.Common.EntityModels.Sqlite", "Northwind.Common.EntityModels.Sqlite\Northwind.Common.EntityModels.Sqlite.csproj", "{DE4D02B4-C5F8-44AD-96F7-127A26802FD3}"
EndProject
Project("{FAE04EC0-301F-11D3-BF4B-00C04F79EFBC}") = "Northwind.Common.DataContext.Sqlite", "Northwind.Common.DataContext.Sqlite\Northwind.Common.DataContext.Sqlite.csproj", "{E975A884-7EE2-43B8-AF92-51385EB21F8D}"
EndProject
Project("{FAE04EC0-301F-11D3-BF4B-00C04F79EFBC}") = "Northwind.Web", "Northwind.Web\Northwind.Web.csproj", "{C60243C5-F6E6-4562-BCCD-1B0E88774C59}"
EndProject
Project("{FAE04EC0-301F-11D3-BF4B-00C04F79EFBC}") = "Northwind.Razor.Employees", "Northwind.Razor.Employees\Northwind.Razor.Employees.csproj", "{E148892D-F2AD-4898-B007-B56C1A74973B}"
EndProject
Project("{FAE04EC0-301F-11D3-BF4B-00C04F79EFBC}") = "Northwind.Mvc", "Northwind.mvc\Northwind.Mvc.csproj", "{5B93E4C7-FF96-4669-8DA5-D8D511E8D380}"
EndProject
Global
	GlobalSection(SolutionConfigurationPlatforms) = preSolution
		Debug|Any CPU = Debug|Any CPU
		Release|Any CPU = Release|Any CPU
	EndGlobalSection
	GlobalSection(ProjectConfigurationPlatforms) = postSolution
		{DE4D02B4-C5F8-44AD-96F7-127A26802FD3}.Debug|Any CPU.ActiveCfg = Debug|Any CPU
		{DE4D02B4-C5F8-44AD-96F7-127A26802FD3}.Debug|Any CPU.Build.0 = Debug|Any CPU
		{DE4D02B4-C5F8-44AD-96F7-127A26802FD3}.Release|Any CPU.ActiveCfg = Release|Any CPU
		{DE4D02B4-C5F8-44AD-96F7-127A26802FD3}.Release|Any CPU.Build.0 = Release|Any CPU
		{E975A884-7EE2-43B8-AF92-51385EB21F8D}.Debug|Any CPU.ActiveCfg = Debug|Any CPU
		{E975A884-7EE2-43B8-AF92-51385EB21F8D}.Debug|Any CPU.Build.0 = Debug|Any CPU
		{E975A884-7EE2-43B8-AF92-51385EB21F8D}.Release|Any CPU.ActiveCfg = Release|Any CPU
		{E975A884-7EE2-43B8-AF92-51385EB21F8D}.Release|Any CPU.Build.0 = Release|Any CPU
		{C60243C5-F6E6-4562-BCCD-1B0E88774C59}.Debug|Any CPU.ActiveCfg = Debug|Any CPU
		{C60243C5-F6E6-4562-BCCD-1B0E88774C59}.Debug|Any CPU.Build.0 = Debug|Any CPU
		{C60243C5-F6E6-4562-BCCD-1B0E88774C59}.Release|Any CPU.ActiveCfg = Release|Any CPU
		{C60243C5-F6E6-4562-BCCD-1B0E88774C59}.Release|Any CPU.Build.0 = Release|Any CPU
		{E148892D-F2AD-4898-B007-B56C1A74973B}.Debug|Any CPU.ActiveCfg = Debug|Any CPU
		{E148892D-F2AD-4898-B007-B56C1A74973B}.Debug|Any CPU.Build.0 = Debug|Any CPU
		{E148892D-F2AD-4898-B007-B56C1A74973B}.Release|Any CPU.ActiveCfg = Release|Any CPU
		{E148892D-F2AD-4898-B007-B56C1A74973B}.Release|Any CPU.Build.0 = Release|Any CPU
		{5B93E4C7-FF96-4669-8DA5-D8D511E8D380}.Debug|Any CPU.ActiveCfg = Debug|Any CPU
		{5B93E4C7-FF96-4669-8DA5-D8D511E8D380}.Debug|Any CPU.Build.0 = Debug|Any CPU
		{5B93E4C7-FF96-4669-8DA5-D8D511E8D380}.Release|Any CPU.ActiveCfg = Release|Any CPU
		{5B93E4C7-FF96-4669-8DA5-D8D511E8D380}.Release|Any CPU.Build.0 = Release|Any CPU
	EndGlobalSection
	GlobalSection(SolutionProperties) = preSolution
		HideSolutionNode = FALSE
	EndGlobalSection
	GlobalSection(ExtensibilityGlobals) = postSolution
		SolutionGuid = {B756C307-F5A6-4650-94FA-C64D1493037B}
	EndGlobalSection
EndGlobal
