
Microsoft Visual Studio Solution File, Format Version 12.00
# Visual Studio Version 17
VisualStudioVersion = 17.5.002.0
MinimumVisualStudioVersion = 10.0.40219.1
Project("{9A19103F-16F7-4668-BE54-9A1E7A4F7556}") = "CallStackExceptionHandling", "CallStackExceptionHandling.csproj", "{F78BA025-01D8-46AA-8F39-964F84389AE2}"
EndProject
Global
	GlobalSection(SolutionConfigurationPlatforms) = preSolution
		Debug|Any CPU = Debug|Any CPU
		Release|Any CPU = Release|Any CPU
	EndGlobalSection
	GlobalSection(ProjectConfigurationPlatforms) = postSolution
		{F78BA025-01D8-46AA-8F39-964F84389AE2}.Debug|Any CPU.ActiveCfg = Debug|Any CPU
		{F78BA025-01D8-46AA-8F39-964F84389AE2}.Debug|Any CPU.Build.0 = Debug|Any CPU
		{F78BA025-01D8-46AA-8F39-964F84389AE2}.Release|Any CPU.ActiveCfg = Release|Any CPU
		{F78BA025-01D8-46AA-8F39-964F84389AE2}.Release|Any CPU.Build.0 = Release|Any CPU
	EndGlobalSection
	GlobalSection(SolutionProperties) = preSolution
		HideSolutionNode = FALSE
	EndGlobalSection
	GlobalSection(ExtensibilityGlobals) = postSolution
		SolutionGuid = {48190AB8-0426-444F-9ED8-C7890F5A781F}
	EndGlobalSection
EndGlobal
