
Microsoft Visual Studio Solution File, Format Version 12.00
# Visual Studio Version 17
VisualStudioVersion = 17.5.002.0
MinimumVisualStudioVersion = 10.0.40219.1
Project("{9A19103F-16F7-4668-BE54-9A1E7A4F7556}") = "PacktLibrary", "PacktLibrary\PacktLibrary.csproj", "{D6DF4359-D06D-4FF9-A353-54EF48787223}"
EndProject
Project("{9A19103F-16F7-4668-BE54-9A1E7A4F7556}") = "PeopleApp", "PeopleApp\PeopleApp.csproj", "{374DD373-EB65-4527-8721-F9BDD267E373}"
EndProject
Project("{FAE04EC0-301F-11D3-BF4B-00C04F79EFBC}") = "NullHandling", "NullHandling\NullHandling.csproj", "{D15055E0-DB44-41FC-98C9-D79DA91C1478}"
EndProject
Global
	GlobalSection(SolutionConfigurationPlatforms) = preSolution
		Debug|Any CPU = Debug|Any CPU
		Release|Any CPU = Release|Any CPU
	EndGlobalSection
	GlobalSection(ProjectConfigurationPlatforms) = postSolution
		{D6DF4359-D06D-4FF9-A353-54EF48787223}.Debug|Any CPU.ActiveCfg = Debug|Any CPU
		{D6DF4359-D06D-4FF9-A353-54EF48787223}.Debug|Any CPU.Build.0 = Debug|Any CPU
		{D6DF4359-D06D-4FF9-A353-54EF48787223}.Release|Any CPU.ActiveCfg = Release|Any CPU
		{D6DF4359-D06D-4FF9-A353-54EF48787223}.Release|Any CPU.Build.0 = Release|Any CPU
		{374DD373-EB65-4527-8721-F9BDD267E373}.Debug|Any CPU.ActiveCfg = Debug|Any CPU
		{374DD373-EB65-4527-8721-F9BDD267E373}.Debug|Any CPU.Build.0 = Debug|Any CPU
		{374DD373-EB65-4527-8721-F9BDD267E373}.Release|Any CPU.ActiveCfg = Release|Any CPU
		{374DD373-EB65-4527-8721-F9BDD267E373}.Release|Any CPU.Build.0 = Release|Any CPU
		{D15055E0-DB44-41FC-98C9-D79DA91C1478}.Debug|Any CPU.ActiveCfg = Debug|Any CPU
		{D15055E0-DB44-41FC-98C9-D79DA91C1478}.Debug|Any CPU.Build.0 = Debug|Any CPU
		{D15055E0-DB44-41FC-98C9-D79DA91C1478}.Release|Any CPU.ActiveCfg = Release|Any CPU
		{D15055E0-DB44-41FC-98C9-D79DA91C1478}.Release|Any CPU.Build.0 = Release|Any CPU
	EndGlobalSection
	GlobalSection(SolutionProperties) = preSolution
		HideSolutionNode = FALSE
	EndGlobalSection
	GlobalSection(ExtensibilityGlobals) = postSolution
		SolutionGuid = {E77E49E4-C9DB-4053-BA29-FC3986CE34DB}
	EndGlobalSection
EndGlobal
