
Microsoft Visual Studio Solution File, Format Version 12.00
# Visual Studio Version 17
VisualStudioVersion = 17.0.31903.59
MinimumVisualStudioVersion = 10.0.40219.1
Project("{FAE04EC0-301F-11D3-BF4B-00C04F79EFBC}") = "WorkingWithNumbers", "WorkingWithNumbers\WorkingWithNumbers.csproj", "{08823505-9B91-49A5-A7A7-93DE79468017}"
EndProject
Project("{FAE04EC0-301F-11D3-BF4B-00C04F79EFBC}") = "WorkingWithText", "WorkingWithText\WorkingWithText.csproj", "{79C33D58-CDCE-4727-9FA3-2E4421528F5C}"
EndProject
Project("{FAE04EC0-301F-11D3-BF4B-00C04F79EFBC}") = "WorkingWithRegularExpressions", "WorkingWithRegularExpressions\WorkingWithRegularExpressions.csproj", "{AD076F7C-D457-4B2C-92D3-33909B443A06}"
EndProject
Project("{FAE04EC0-301F-11D3-BF4B-00C04F79EFBC}") = "WorkingWithCollections", "WorkingWithCollections\WorkingWithCollections.csproj", "{F1D481C2-A1A5-4C03-BB4E-738DEFC3B3BA}"
EndProject
Project("{FAE04EC0-301F-11D3-BF4B-00C04F79EFBC}") = "WorkingWithRanges", "WorkingWithRanges\WorkingWithRanges.csproj", "{B80D411E-2A76-47A5-9B5D-6D819C0F29E4}"
EndProject
Project("{FAE04EC0-301F-11D3-BF4B-00C04F79EFBC}") = "WorkingWithNetworkResource", "WorkingWithNetworkResource\WorkingWithNetworkResource.csproj", "{890FC1A0-0F6F-4794-AE4F-D45E0901A9BD}"
EndProject
Global
	GlobalSection(SolutionConfigurationPlatforms) = preSolution
		Debug|Any CPU = Debug|Any CPU
		Release|Any CPU = Release|Any CPU
	EndGlobalSection
	GlobalSection(SolutionProperties) = preSolution
		HideSolutionNode = FALSE
	EndGlobalSection
	GlobalSection(ProjectConfigurationPlatforms) = postSolution
		{08823505-9B91-49A5-A7A7-93DE79468017}.Debug|Any CPU.ActiveCfg = Debug|Any CPU
		{08823505-9B91-49A5-A7A7-93DE79468017}.Debug|Any CPU.Build.0 = Debug|Any CPU
		{08823505-9B91-49A5-A7A7-93DE79468017}.Release|Any CPU.ActiveCfg = Release|Any CPU
		{08823505-9B91-49A5-A7A7-93DE79468017}.Release|Any CPU.Build.0 = Release|Any CPU
		{79C33D58-CDCE-4727-9FA3-2E4421528F5C}.Debug|Any CPU.ActiveCfg = Debug|Any CPU
		{79C33D58-CDCE-4727-9FA3-2E4421528F5C}.Debug|Any CPU.Build.0 = Debug|Any CPU
		{79C33D58-CDCE-4727-9FA3-2E4421528F5C}.Release|Any CPU.ActiveCfg = Release|Any CPU
		{79C33D58-CDCE-4727-9FA3-2E4421528F5C}.Release|Any CPU.Build.0 = Release|Any CPU
		{AD076F7C-D457-4B2C-92D3-33909B443A06}.Debug|Any CPU.ActiveCfg = Debug|Any CPU
		{AD076F7C-D457-4B2C-92D3-33909B443A06}.Debug|Any CPU.Build.0 = Debug|Any CPU
		{AD076F7C-D457-4B2C-92D3-33909B443A06}.Release|Any CPU.ActiveCfg = Release|Any CPU
		{AD076F7C-D457-4B2C-92D3-33909B443A06}.Release|Any CPU.Build.0 = Release|Any CPU
		{F1D481C2-A1A5-4C03-BB4E-738DEFC3B3BA}.Debug|Any CPU.ActiveCfg = Debug|Any CPU
		{F1D481C2-A1A5-4C03-BB4E-738DEFC3B3BA}.Debug|Any CPU.Build.0 = Debug|Any CPU
		{F1D481C2-A1A5-4C03-BB4E-738DEFC3B3BA}.Release|Any CPU.ActiveCfg = Release|Any CPU
		{F1D481C2-A1A5-4C03-BB4E-738DEFC3B3BA}.Release|Any CPU.Build.0 = Release|Any CPU
		{B80D411E-2A76-47A5-9B5D-6D819C0F29E4}.Debug|Any CPU.ActiveCfg = Debug|Any CPU
		{B80D411E-2A76-47A5-9B5D-6D819C0F29E4}.Debug|Any CPU.Build.0 = Debug|Any CPU
		{B80D411E-2A76-47A5-9B5D-6D819C0F29E4}.Release|Any CPU.ActiveCfg = Release|Any CPU
		{B80D411E-2A76-47A5-9B5D-6D819C0F29E4}.Release|Any CPU.Build.0 = Release|Any CPU
		{890FC1A0-0F6F-4794-AE4F-D45E0901A9BD}.Debug|Any CPU.ActiveCfg = Debug|Any CPU
		{890FC1A0-0F6F-4794-AE4F-D45E0901A9BD}.Debug|Any CPU.Build.0 = Debug|Any CPU
		{890FC1A0-0F6F-4794-AE4F-D45E0901A9BD}.Release|Any CPU.ActiveCfg = Release|Any CPU
		{890FC1A0-0F6F-4794-AE4F-D45E0901A9BD}.Release|Any CPU.Build.0 = Release|Any CPU
	EndGlobalSection
EndGlobal
