
Microsoft Visual Studio Solution File, Format Version 12.00
# Visual Studio Version 17
VisualStudioVersion = 17.5.002.0
MinimumVisualStudioVersion = 10.0.40219.1
Project("{9A19103F-16F7-4668-BE54-9A1E7A4F7556}") = "Ch09Ex02SerializingShapes", "Ch09Ex02SerializingShapes.csproj", "{D060DA86-57A5-4A59-9C43-73EC017B4E1C}"
EndProject
Global
	GlobalSection(SolutionConfigurationPlatforms) = preSolution
		Debug|Any CPU = Debug|Any CPU
		Release|Any CPU = Release|Any CPU
	EndGlobalSection
	GlobalSection(ProjectConfigurationPlatforms) = postSolution
		{D060DA86-57A5-4A59-9C43-73EC017B4E1C}.Debug|Any CPU.ActiveCfg = Debug|Any CPU
		{D060DA86-57A5-4A59-9C43-73EC017B4E1C}.Debug|Any CPU.Build.0 = Debug|Any CPU
		{D060DA86-57A5-4A59-9C43-73EC017B4E1C}.Release|Any CPU.ActiveCfg = Release|Any CPU
		{D060DA86-57A5-4A59-9C43-73EC017B4E1C}.Release|Any CPU.Build.0 = Release|Any CPU
	EndGlobalSection
	GlobalSection(SolutionProperties) = preSolution
		HideSolutionNode = FALSE
	EndGlobalSection
	GlobalSection(ExtensibilityGlobals) = postSolution
		SolutionGuid = {22199703-C8DD-4619-9920-5D250F53E645}
	EndGlobalSection
EndGlobal
